
Microsoft Visual Studio Solution File, Format Version 12.00
# Visual Studio Version 16
VisualStudioVersion = 16.0.30907.101
MinimumVisualStudioVersion = 10.0.40219.1
Project("{9A19103F-16F7-4668-BE54-9A1E7A4F7556}") = "Eventures.App", "Eventures.App\Eventures.App.csproj", "{0ACB3FB7-5965-4B50-A392-4CB50A96E222}"
EndProject
Project("{FAE04EC0-301F-11D3-BF4B-00C04F79EFBC}") = "Eventures.UnitTests", "Eventures.UnitTests\Eventures.UnitTests.csproj", "{1E2F7824-77B5-457D-9BEC-DB8A765F9044}"
EndProject
Global
	GlobalSection(SolutionConfigurationPlatforms) = preSolution
		Debug|Any CPU = Debug|Any CPU
		Release|Any CPU = Release|Any CPU
	EndGlobalSection
	GlobalSection(ProjectConfigurationPlatforms) = postSolution
		{0ACB3FB7-5965-4B50-A392-4CB50A96E222}.Debug|Any CPU.ActiveCfg = Debug|Any CPU
		{0ACB3FB7-5965-4B50-A392-4CB50A96E222}.Debug|Any CPU.Build.0 = Debug|Any CPU
		{0ACB3FB7-5965-4B50-A392-4CB50A96E222}.Release|Any CPU.ActiveCfg = Release|Any CPU
		{0ACB3FB7-5965-4B50-A392-4CB50A96E222}.Release|Any CPU.Build.0 = Release|Any CPU
		{1E2F7824-77B5-457D-9BEC-DB8A765F9044}.Debug|Any CPU.ActiveCfg = Debug|Any CPU
		{1E2F7824-77B5-457D-9BEC-DB8A765F9044}.Debug|Any CPU.Build.0 = Debug|Any CPU
		{1E2F7824-77B5-457D-9BEC-DB8A765F9044}.Release|Any CPU.ActiveCfg = Release|Any CPU
		{1E2F7824-77B5-457D-9BEC-DB8A765F9044}.Release|Any CPU.Build.0 = Release|Any CPU
	EndGlobalSection
	GlobalSection(SolutionProperties) = preSolution
		HideSolutionNode = FALSE
	EndGlobalSection
	GlobalSection(ExtensibilityGlobals) = postSolution
		SolutionGuid = {88BC975C-3CCF-4248-BA00-F7B464E694FB}
	EndGlobalSection
EndGlobal
