
Microsoft Visual Studio Solution File, Format Version 12.00
# Visual Studio Version 16
VisualStudioVersion = 16.0.30907.101
MinimumVisualStudioVersion = 10.0.40219.1
Project("{9A19103F-16F7-4668-BE54-9A1E7A4F7556}") = "Eventures.WebAPI", "Eventures.WebAPI\Eventures.WebAPI.csproj", "{010DD5B0-DD50-4026-9030-6301ECD97FC1}"
EndProject
Project("{9A19103F-16F7-4668-BE54-9A1E7A4F7556}") = "Eventures.Data", "Eventures.Data\Eventures.Data.csproj", "{B4FD2B43-692B-4863-8B3B-F530CA4643EC}"
EndProject
Project("{9A19103F-16F7-4668-BE54-9A1E7A4F7556}") = "Eventures.Desktop", "Eventures.Desktop\Eventures.Desktop.csproj", "{8B3E64A7-5C5B-472E-8CD9-E90531ABBD7F}"
EndProject
Global
	GlobalSection(SolutionConfigurationPlatforms) = preSolution
		Debug|Any CPU = Debug|Any CPU
		Release|Any CPU = Release|Any CPU
	EndGlobalSection
	GlobalSection(ProjectConfigurationPlatforms) = postSolution
		{010DD5B0-DD50-4026-9030-6301ECD97FC1}.Debug|Any CPU.ActiveCfg = Debug|Any CPU
		{010DD5B0-DD50-4026-9030-6301ECD97FC1}.Debug|Any CPU.Build.0 = Debug|Any CPU
		{010DD5B0-DD50-4026-9030-6301ECD97FC1}.Release|Any CPU.ActiveCfg = Release|Any CPU
		{010DD5B0-DD50-4026-9030-6301ECD97FC1}.Release|Any CPU.Build.0 = Release|Any CPU
		{B4FD2B43-692B-4863-8B3B-F530CA4643EC}.Debug|Any CPU.ActiveCfg = Debug|Any CPU
		{B4FD2B43-692B-4863-8B3B-F530CA4643EC}.Debug|Any CPU.Build.0 = Debug|Any CPU
		{B4FD2B43-692B-4863-8B3B-F530CA4643EC}.Release|Any CPU.ActiveCfg = Release|Any CPU
		{B4FD2B43-692B-4863-8B3B-F530CA4643EC}.Release|Any CPU.Build.0 = Release|Any CPU
		{8B3E64A7-5C5B-472E-8CD9-E90531ABBD7F}.Debug|Any CPU.ActiveCfg = Debug|Any CPU
		{8B3E64A7-5C5B-472E-8CD9-E90531ABBD7F}.Debug|Any CPU.Build.0 = Debug|Any CPU
		{8B3E64A7-5C5B-472E-8CD9-E90531ABBD7F}.Release|Any CPU.ActiveCfg = Release|Any CPU
		{8B3E64A7-5C5B-472E-8CD9-E90531ABBD7F}.Release|Any CPU.Build.0 = Release|Any CPU
	EndGlobalSection
	GlobalSection(SolutionProperties) = preSolution
		HideSolutionNode = FALSE
	EndGlobalSection
	GlobalSection(ExtensibilityGlobals) = postSolution
		SolutionGuid = {88BC975C-3CCF-4248-BA00-F7B464E694FB}
	EndGlobalSection
EndGlobal
